
Microsoft Visual Studio Solution File, Format Version 12.00
# Visual Studio Version 17
VisualStudioVersion = 17.14.36915.13 d17.14
MinimumVisualStudioVersion = 10.0.40219.1
Project("{8BC9CEB8-8B4A-11D0-8D11-00A0C91BC942}") = "TCP IP Socket 1", "TCP IP Socket 1\TCP IP Socket 1.vcxproj", "{7A5FE8B2-667E-4B06-9165-3BE3E8E92A99}"
EndProject
Project("{8BC9CEB8-8B4A-11D0-8D11-00A0C91BC942}") = "Test1", "Test1\Test1.vcxproj", "{F8084EC8-A970-43D9-96C3-F480008FFEF3}"
EndProject
Project("{8BC9CEB8-8B4A-11D0-8D11-00A0C91BC942}") = "TCP IP Socket 2-2,3", "TCP IP Socket 2-2,3\TCP IP Socket 2-2,3.vcxproj", "{BF695474-3A85-4228-879A-04E69A9651AD}"
EndProject
Project("{8BC9CEB8-8B4A-11D0-8D11-00A0C91BC942}") = "TCP IP Socket 3-1", "TCP IP Socket 3-1\TCP IP Socket 3-1.vcxproj", "{23D14A05-941B-4F75-9389-C84F6CFC0F59}"
EndProject
Project("{8BC9CEB8-8B4A-11D0-8D11-00A0C91BC942}") = "TCP IP Socket 3-2", "TCP IP Socket 3-2\TCP IP Socket 3-2.vcxproj", "{FE6C62EE-7062-4CEF-9124-7F748D47AA3E}"
EndProject
Project("{8BC9CEB8-8B4A-11D0-8D11-00A0C91BC942}") = "TCP IP Socket 3-3", "TCP IP Socket 3-3\TCP IP Socket 3-3.vcxproj", "{2596DD16-8031-49FF-A99C-7E80B4F96B44}"
EndProject
Project("{8BC9CEB8-8B4A-11D0-8D11-00A0C91BC942}") = "TCP IP Socket 3-4", "TCP IP Socket 3-4\TCP IP Socket 3-4.vcxproj", "{0C70E701-86CF-4A79-8E8D-2656D72268ED}"
EndProject
Project("{8BC9CEB8-8B4A-11D0-8D11-00A0C91BC942}") = "TCP IP Socket 3-ex1", "TCP IP Socket 3-ex1\TCP IP Socket 3-ex1.vcxproj", "{593D861F-991F-428B-B1F4-ED4F58D1E0F8}"
EndProject
Global
	GlobalSection(SolutionConfigurationPlatforms) = preSolution
		Debug|x64 = Debug|x64
		Debug|x86 = Debug|x86
		Release|x64 = Release|x64
		Release|x86 = Release|x86
	EndGlobalSection
	GlobalSection(ProjectConfigurationPlatforms) = postSolution
		{7A5FE8B2-667E-4B06-9165-3BE3E8E92A99}.Debug|x64.ActiveCfg = Debug|x64
		{7A5FE8B2-667E-4B06-9165-3BE3E8E92A99}.Debug|x64.Build.0 = Debug|x64
		{7A5FE8B2-667E-4B06-9165-3BE3E8E92A99}.Debug|x86.ActiveCfg = Debug|Win32
		{7A5FE8B2-667E-4B06-9165-3BE3E8E92A99}.Debug|x86.Build.0 = Debug|Win32
		{7A5FE8B2-667E-4B06-9165-3BE3E8E92A99}.Release|x64.ActiveCfg = Release|x64
		{7A5FE8B2-667E-4B06-9165-3BE3E8E92A99}.Release|x64.Build.0 = Release|x64
		{7A5FE8B2-667E-4B06-9165-3BE3E8E92A99}.Release|x86.ActiveCfg = Release|Win32
		{7A5FE8B2-667E-4B06-9165-3BE3E8E92A99}.Release|x86.Build.0 = Release|Win32
		{F8084EC8-A970-43D9-96C3-F480008FFEF3}.Debug|x64.ActiveCfg = Debug|x64
		{F8084EC8-A970-43D9-96C3-F480008FFEF3}.Debug|x64.Build.0 = Debug|x64
		{F8084EC8-A970-43D9-96C3-F480008FFEF3}.Debug|x86.ActiveCfg = Debug|Win32
		{F8084EC8-A970-43D9-96C3-F480008FFEF3}.Debug|x86.Build.0 = Debug|Win32
		{F8084EC8-A970-43D9-96C3-F480008FFEF3}.Release|x64.ActiveCfg = Release|x64
		{F8084EC8-A970-43D9-96C3-F480008FFEF3}.Release|x64.Build.0 = Release|x64
		{F8084EC8-A970-43D9-96C3-F480008FFEF3}.Release|x86.ActiveCfg = Release|Win32
		{F8084EC8-A970-43D9-96C3-F480008FFEF3}.Release|x86.Build.0 = Release|Win32
		{BF695474-3A85-4228-879A-04E69A9651AD}.Debug|x64.ActiveCfg = Debug|x64
		{BF695474-3A85-4228-879A-04E69A9651AD}.Debug|x64.Build.0 = Debug|x64
		{BF695474-3A85-4228-879A-04E69A9651AD}.Debug|x86.ActiveCfg = Debug|Win32
		{BF695474-3A85-4228-879A-04E69A9651AD}.Debug|x86.Build.0 = Debug|Win32
		{BF695474-3A85-4228-879A-04E69A9651AD}.Release|x64.ActiveCfg = Release|x64
		{BF695474-3A85-4228-879A-04E69A9651AD}.Release|x64.Build.0 = Release|x64
		{BF695474-3A85-4228-879A-04E69A9651AD}.Release|x86.ActiveCfg = Release|Win32
		{BF695474-3A85-4228-879A-04E69A9651AD}.Release|x86.Build.0 = Release|Win32
		{23D14A05-941B-4F75-9389-C84F6CFC0F59}.Debug|x64.ActiveCfg = Debug|x64
		{23D14A05-941B-4F75-9389-C84F6CFC0F59}.Debug|x64.Build.0 = Debug|x64
		{23D14A05-941B-4F75-9389-C84F6CFC0F59}.Debug|x86.ActiveCfg = Debug|Win32
		{23D14A05-941B-4F75-9389-C84F6CFC0F59}.Debug|x86.Build.0 = Debug|Win32
		{23D14A05-941B-4F75-9389-C84F6CFC0F59}.Release|x64.ActiveCfg = Release|x64
		{23D14A05-941B-4F75-9389-C84F6CFC0F59}.Release|x64.Build.0 = Release|x64
		{23D14A05-941B-4F75-9389-C84F6CFC0F59}.Release|x86.ActiveCfg = Release|Win32
		{23D14A05-941B-4F75-9389-C84F6CFC0F59}.Release|x86.Build.0 = Release|Win32
		{FE6C62EE-7062-4CEF-9124-7F748D47AA3E}.Debug|x64.ActiveCfg = Debug|x64
		{FE6C62EE-7062-4CEF-9124-7F748D47AA3E}.Debug|x64.Build.0 = Debug|x64
		{FE6C62EE-7062-4CEF-9124-7F748D47AA3E}.Debug|x86.ActiveCfg = Debug|Win32
		{FE6C62EE-7062-4CEF-9124-7F748D47AA3E}.Debug|x86.Build.0 = Debug|Win32
		{FE6C62EE-7062-4CEF-9124-7F748D47AA3E}.Release|x64.ActiveCfg = Release|x64
		{FE6C62EE-7062-4CEF-9124-7F748D47AA3E}.Release|x64.Build.0 = Release|x64
		{FE6C62EE-7062-4CEF-9124-7F748D47AA3E}.Release|x86.ActiveCfg = Release|Win32
		{FE6C62EE-7062-4CEF-9124-7F748D47AA3E}.Release|x86.Build.0 = Release|Win32
		{2596DD16-8031-49FF-A99C-7E80B4F96B44}.Debug|x64.ActiveCfg = Debug|x64
		{2596DD16-8031-49FF-A99C-7E80B4F96B44}.Debug|x64.Build.0 = Debug|x64
		{2596DD16-8031-49FF-A99C-7E80B4F96B44}.Debug|x86.ActiveCfg = Debug|Win32
		{2596DD16-8031-49FF-A99C-7E80B4F96B44}.Debug|x86.Build.0 = Debug|Win32
		{2596DD16-8031-49FF-A99C-7E80B4F96B44}.Release|x64.ActiveCfg = Release|x64
		{2596DD16-8031-49FF-A99C-7E80B4F96B44}.Release|x64.Build.0 = Release|x64
		{2596DD16-8031-49FF-A99C-7E80B4F96B44}.Release|x86.ActiveCfg = Release|Win32
		{2596DD16-8031-49FF-A99C-7E80B4F96B44}.Release|x86.Build.0 = Release|Win32
		{0C70E701-86CF-4A79-8E8D-2656D72268ED}.Debug|x64.ActiveCfg = Debug|x64
		{0C70E701-86CF-4A79-8E8D-2656D72268ED}.Debug|x64.Build.0 = Debug|x64
		{0C70E701-86CF-4A79-8E8D-2656D72268ED}.Debug|x86.ActiveCfg = Debug|Win32
		{0C70E701-86CF-4A79-8E8D-2656D72268ED}.Debug|x86.Build.0 = Debug|Win32
		{0C70E701-86CF-4A79-8E8D-2656D72268ED}.Release|x64.ActiveCfg = Release|x64
		{0C70E701-86CF-4A79-8E8D-2656D72268ED}.Release|x64.Build.0 = Release|x64
		{0C70E701-86CF-4A79-8E8D-2656D72268ED}.Release|x86.ActiveCfg = Release|Win32
		{0C70E701-86CF-4A79-8E8D-2656D72268ED}.Release|x86.Build.0 = Release|Win32
		{593D861F-991F-428B-B1F4-ED4F58D1E0F8}.Debug|x64.ActiveCfg = Debug|x64
		{593D861F-991F-428B-B1F4-ED4F58D1E0F8}.Debug|x64.Build.0 = Debug|x64
		{593D861F-991F-428B-B1F4-ED4F58D1E0F8}.Debug|x86.ActiveCfg = Debug|Win32
		{593D861F-991F-428B-B1F4-ED4F58D1E0F8}.Debug|x86.Build.0 = Debug|Win32
		{593D861F-991F-428B-B1F4-ED4F58D1E0F8}.Release|x64.ActiveCfg = Release|x64
		{593D861F-991F-428B-B1F4-ED4F58D1E0F8}.Release|x64.Build.0 = Release|x64
		{593D861F-991F-428B-B1F4-ED4F58D1E0F8}.Release|x86.ActiveCfg = Release|Win32
		{593D861F-991F-428B-B1F4-ED4F58D1E0F8}.Release|x86.Build.0 = Release|Win32
	EndGlobalSection
	GlobalSection(SolutionProperties) = preSolution
		HideSolutionNode = FALSE
	EndGlobalSection
	GlobalSection(ExtensibilityGlobals) = postSolution
		SolutionGuid = {FADE91AB-064F-4229-9FAC-3A3A7F9AC4BC}
	EndGlobalSection
EndGlobal
